{
  "version": 4,
  "terraform_version": "0.12.18",
  "serial": 153,
  "lineage": "5018bd3c-ea51-4855-bf2f-37cae689d7fe",
  "outputs": {
    "kubeone_api": {
      "value": {
        "endpoint": "demo-api-lb-00657bf79817b22b.elb.us-east-1.amazonaws.com"
      },
      "type": [
        "object",
        {
          "endpoint": "string"
        }
      ]
    },
    "kubeone_hosts": {
      "value": {
        "control_plane": {
          "cloud_provider": "aws",
          "cluster_name": "demo",
          "hostnames": [
            "ip-172-31-64-86.ec2.internal",
            "ip-172-31-59-194.ec2.internal",
            "ip-172-31-15-69.ec2.internal"
          ],
          "private_address": [
            "172.31.64.86",
            "172.31.59.194",
            "172.31.15.69"
          ],
          "public_address": [
            "35.153.39.77",
            "18.204.19.22",
            "100.25.219.90"
          ],
          "ssh_agent_socket": "env:SSH_AUTH_SOCK",
          "ssh_port": 22,
          "ssh_private_key_file": "/Users/JayPatel/Study/AWS/Udacity/KeyPair/adminKP.pem",
          "ssh_user": "ubuntu"
        }
      },
      "type": [
        "object",
        {
          "control_plane": [
            "object",
            {
              "cloud_provider": "string",
              "cluster_name": "string",
              "hostnames": [
                "tuple",
                [
                  "string",
                  "string",
                  "string"
                ]
              ],
              "private_address": [
                "tuple",
                [
                  "string",
                  "string",
                  "string"
                ]
              ],
              "public_address": [
                "tuple",
                [
                  "string",
                  "string",
                  "string"
                ]
              ],
              "ssh_agent_socket": "string",
              "ssh_port": "number",
              "ssh_private_key_file": "string",
              "ssh_user": "string"
            }
          ]
        }
      ]
    },
    "kubeone_workers": {
      "value": {
        "demo-pool1": {
          "providerSpec": {
            "cloudProviderSpec": {
              "ami": "ami-00a208c7cdba991ea",
              "availabilityZone": "us-east-1a",
              "diskIops": 500,
              "diskSize": 50,
              "diskType": "gp2",
              "instanceProfile": "demo-host",
              "instanceType": "t3.medium",
              "region": "us-east-1",
              "securityGroupIDs": [
                "sg-00e2025e8d71f642f"
              ],
              "subnetId": "subnet-1af48d7f",
              "tags": {
                "demo-workers": "pool1"
              },
              "vpcId": "vpc-b35ec6d5"
            },
            "operatingSystem": "ubuntu",
            "operatingSystemSpec": {
              "distUpgradeOnBoot": false
            },
            "sshPublicKeys": [
              "ssh-rsa AAAAB3NzaC1yc2EAAAADAQABAAABAQCioR1jWZPHLlBxVLs/+UtrJQg4OFRSUImtu75TLSFJxDbG177ua/pUArSQH1N4eCswQZlMZBu4mPjBFgS7lFxR+o5QRllhRIeJwh2cJRrpPA1W7zSNXbVAv+jpgkZsoRLBnGLVAZ7vHhRoxRVIlObo8OdeDnf/IY5AxwETvF6ZKLF1iaMFAN6Equ7vNDnTLuP3KA6vMl3RcShU/8qFVfi8KAjR8+14rpPzsb7Nk6RslQ//++xZToCO8HDpebHJM7lSbT4IVCMSCddeznFPGSoO7+QvDR9vzBzq+QEKy/EBv1qharyp03iRzAWdqEk2mqgNVCBJS3zSG4q6/0fppqvh"
            ]
          },
          "replicas": 1
        }
      },
      "type": [
        "object",
        {
          "demo-pool1": [
            "object",
            {
              "providerSpec": [
                "object",
                {
                  "cloudProviderSpec": [
                    "object",
                    {
                      "ami": "string",
                      "availabilityZone": "string",
                      "diskIops": "number",
                      "diskSize": "number",
                      "diskType": "string",
                      "instanceProfile": "string",
                      "instanceType": "string",
                      "region": "string",
                      "securityGroupIDs": [
                        "tuple",
                        [
                          "string"
                        ]
                      ],
                      "subnetId": "string",
                      "tags": [
                        "object",
                        {
                          "demo-workers": "string"
                        }
                      ],
                      "vpcId": "string"
                    }
                  ],
                  "operatingSystem": "string",
                  "operatingSystemSpec": [
                    "object",
                    {
                      "distUpgradeOnBoot": "bool"
                    }
                  ],
                  "sshPublicKeys": [
                    "tuple",
                    [
                      "string"
                    ]
                  ]
                }
              ],
              "replicas": "number"
            }
          ]
        }
      ]
    }
  },
  "resources": [
    {
      "mode": "data",
      "type": "aws_ami",
      "name": "ubuntu",
      "provider": "provider.aws",
      "instances": [
        {
          "schema_version": 0,
          "attributes": {
            "architecture": "x86_64",
            "block_device_mappings": [
              {
                "device_name": "/dev/sda1",
                "ebs": {
                  "delete_on_termination": "true",
                  "encrypted": "false",
                  "iops": "0",
                  "snapshot_id": "snap-029907fe15340e01b",
                  "volume_size": "8",
                  "volume_type": "gp2"
                },
                "no_device": "",
                "virtual_name": ""
              },
              {
                "device_name": "/dev/sdb",
                "ebs": {},
                "no_device": "",
                "virtual_name": "ephemeral0"
              },
              {
                "device_name": "/dev/sdc",
                "ebs": {},
                "no_device": "",
                "virtual_name": "ephemeral1"
              }
            ],
            "creation_date": "2019-11-13T19:28:03.000Z",
            "description": "Canonical, Ubuntu, 18.04 LTS, amd64 bionic image build on 2019-11-13",
            "executable_users": null,
            "filter": [
              {
                "name": "name",
                "values": [
                  "ubuntu/images/hvm-ssd/ubuntu-bionic-18.04-amd64-server-*"
                ]
              },
              {
                "name": "virtualization-type",
                "values": [
                  "hvm"
                ]
              }
            ],
            "hypervisor": "xen",
            "id": "ami-00a208c7cdba991ea",
            "image_id": "ami-00a208c7cdba991ea",
            "image_location": "099720109477/ubuntu/images/hvm-ssd/ubuntu-bionic-18.04-amd64-server-20191113",
            "image_owner_alias": null,
            "image_type": "machine",
            "kernel_id": null,
            "most_recent": true,
            "name": "ubuntu/images/hvm-ssd/ubuntu-bionic-18.04-amd64-server-20191113",
            "name_regex": null,
            "owner_id": "099720109477",
            "owners": [
              "099720109477"
            ],
            "platform": null,
            "product_codes": [],
            "public": true,
            "ramdisk_id": null,
            "root_device_name": "/dev/sda1",
            "root_device_type": "ebs",
            "root_snapshot_id": "snap-029907fe15340e01b",
            "sriov_net_support": "simple",
            "state": "available",
            "state_reason": {
              "code": "UNSET",
              "message": "UNSET"
            },
            "tags": {},
            "virtualization_type": "hvm"
          }
        }
      ]
    },
    {
      "mode": "data",
      "type": "aws_availability_zones",
      "name": "available",
      "provider": "provider.aws",
      "instances": [
        {
          "schema_version": 0,
          "attributes": {
            "blacklisted_names": null,
            "blacklisted_zone_ids": null,
            "id": "2019-12-24 15:02:54.695543 +0000 UTC",
            "names": [
              "us-east-1a",
              "us-east-1b",
              "us-east-1c",
              "us-east-1d",
              "us-east-1e",
              "us-east-1f"
            ],
            "state": null,
            "zone_ids": [
              "use1-az1",
              "use1-az2",
              "use1-az4",
              "use1-az6",
              "use1-az3",
              "use1-az5"
            ]
          }
        }
      ]
    },
    {
      "mode": "data",
      "type": "aws_subnet",
      "name": "az_a",
      "provider": "provider.aws",
      "instances": [
        {
          "schema_version": 0,
          "attributes": {
            "arn": "arn:aws:ec2:us-east-1:148272449925:subnet/subnet-1af48d7f",
            "assign_ipv6_address_on_creation": false,
            "availability_zone": "us-east-1a",
            "availability_zone_id": "use1-az1",
            "cidr_block": "172.31.64.0/20",
            "default_for_az": true,
            "filter": null,
            "id": "subnet-1af48d7f",
            "ipv6_cidr_block": null,
            "ipv6_cidr_block_association_id": null,
            "map_public_ip_on_launch": true,
            "owner_id": "148272449925",
            "state": "available",
            "tags": {},
            "vpc_id": "vpc-b35ec6d5"
          }
        }
      ]
    },
    {
      "mode": "data",
      "type": "aws_subnet",
      "name": "az_b",
      "provider": "provider.aws",
      "instances": [
        {
          "schema_version": 0,
          "attributes": {
            "arn": "arn:aws:ec2:us-east-1:148272449925:subnet/subnet-063c6b2b",
            "assign_ipv6_address_on_creation": false,
            "availability_zone": "us-east-1b",
            "availability_zone_id": "use1-az2",
            "cidr_block": "172.31.48.0/20",
            "default_for_az": true,
            "filter": null,
            "id": "subnet-063c6b2b",
            "ipv6_cidr_block": null,
            "ipv6_cidr_block_association_id": null,
            "map_public_ip_on_launch": true,
            "owner_id": "148272449925",
            "state": "available",
            "tags": {},
            "vpc_id": "vpc-b35ec6d5"
          }
        }
      ]
    },
    {
      "mode": "data",
      "type": "aws_subnet",
      "name": "az_c",
      "provider": "provider.aws",
      "instances": [
        {
          "schema_version": 0,
          "attributes": {
            "arn": "arn:aws:ec2:us-east-1:148272449925:subnet/subnet-d0737799",
            "assign_ipv6_address_on_creation": false,
            "availability_zone": "us-east-1c",
            "availability_zone_id": "use1-az4",
            "cidr_block": "172.31.0.0/20",
            "default_for_az": true,
            "filter": null,
            "id": "subnet-d0737799",
            "ipv6_cidr_block": null,
            "ipv6_cidr_block_association_id": null,
            "map_public_ip_on_launch": true,
            "owner_id": "148272449925",
            "state": "available",
            "tags": {},
            "vpc_id": "vpc-b35ec6d5"
          }
        }
      ]
    },
    {
      "mode": "data",
      "type": "aws_subnet_ids",
      "name": "default",
      "provider": "provider.aws",
      "instances": [
        {
          "schema_version": 0,
          "attributes": {
            "filter": null,
            "id": "vpc-b35ec6d5",
            "ids": [
              "subnet-063c6b2b",
              "subnet-1af48d7f",
              "subnet-2c931b10",
              "subnet-a5b2f0fe",
              "subnet-c2ff90ce",
              "subnet-d0737799"
            ],
            "tags": null,
            "vpc_id": "vpc-b35ec6d5"
          }
        }
      ]
    },
    {
      "mode": "managed",
      "type": "aws_default_vpc",
      "name": "default",
      "provider": "provider.aws",
      "instances": [
        {
          "schema_version": 1,
          "attributes": {
            "arn": "arn:aws:ec2:us-east-1:148272449925:vpc/vpc-b35ec6d5",
            "assign_generated_ipv6_cidr_block": false,
            "cidr_block": "172.31.0.0/16",
            "default_network_acl_id": "acl-f03f1096",
            "default_route_table_id": "rtb-618b2e18",
            "default_security_group_id": "sg-26ef895a",
            "dhcp_options_id": "dopt-e99b008e",
            "enable_classiclink": false,
            "enable_classiclink_dns_support": false,
            "enable_dns_hostnames": true,
            "enable_dns_support": true,
            "id": "vpc-b35ec6d5",
            "instance_tenancy": "default",
            "ipv6_association_id": "",
            "ipv6_cidr_block": "",
            "main_route_table_id": "rtb-618b2e18",
            "owner_id": "148272449925",
            "tags": null
          },
          "private": "eyJzY2hlbWFfdmVyc2lvbiI6IjEifQ=="
        }
      ]
    },
    {
      "mode": "managed",
      "type": "aws_iam_instance_profile",
      "name": "profile",
      "provider": "provider.aws",
      "instances": [
        {
          "schema_version": 0,
          "attributes": {
            "arn": "arn:aws:iam::148272449925:instance-profile/demo-host",
            "create_date": "2019-12-24T15:03:03Z",
            "id": "demo-host",
            "name": "demo-host",
            "name_prefix": null,
            "path": "/",
            "role": "demo-host",
            "roles": [],
            "unique_id": "AIPASFBN2BGCSWBF2T5RY"
          },
          "private": "bnVsbA==",
          "dependencies": [
            "aws_iam_role.role"
          ]
        }
      ]
    },
    {
      "mode": "managed",
      "type": "aws_iam_role",
      "name": "role",
      "provider": "provider.aws",
      "instances": [
        {
          "schema_version": 0,
          "attributes": {
            "arn": "arn:aws:iam::148272449925:role/demo-host",
            "assume_role_policy": "{\"Version\":\"2012-10-17\",\"Statement\":[{\"Sid\":\"\",\"Effect\":\"Allow\",\"Principal\":{\"Service\":\"ec2.amazonaws.com\"},\"Action\":\"sts:AssumeRole\"}]}",
            "create_date": "2019-12-24T15:03:03Z",
            "description": "",
            "force_detach_policies": false,
            "id": "demo-host",
            "max_session_duration": 3600,
            "name": "demo-host",
            "name_prefix": null,
            "path": "/",
            "permissions_boundary": null,
            "tags": null,
            "unique_id": "AROASFBN2BGC2UKWIWPZP"
          },
          "private": "bnVsbA=="
        }
      ]
    },
    {
      "mode": "managed",
      "type": "aws_iam_role_policy",
      "name": "policy",
      "provider": "provider.aws",
      "instances": [
        {
          "schema_version": 0,
          "attributes": {
            "id": "demo-host:demo-host",
            "name": "demo-host",
            "name_prefix": null,
            "policy": "{\n  \"Version\": \"2012-10-17\",\n  \"Statement\": [\n    {\n      \"Effect\": \"Allow\",\n      \"Action\": [\"ec2:*\"],\n      \"Resource\": [\"*\"]\n    },\n    {\n      \"Effect\": \"Allow\",\n      \"Action\": [\"elasticloadbalancing:*\"],\n      \"Resource\": [\"*\"]\n    }\n  ]\n}\n",
            "role": "demo-host"
          },
          "private": "bnVsbA==",
          "dependencies": [
            "aws_iam_role.role"
          ]
        }
      ]
    },
    {
      "mode": "managed",
      "type": "aws_instance",
      "name": "control_plane",
      "each": "list",
      "provider": "provider.aws",
      "instances": [
        {
          "index_key": 0,
          "schema_version": 1,
          "attributes": {
            "ami": "ami-00a208c7cdba991ea",
            "arn": "arn:aws:ec2:us-east-1:148272449925:instance/i-0694a1ab20cfb16d3",
            "associate_public_ip_address": true,
            "availability_zone": "us-east-1a",
            "cpu_core_count": 1,
            "cpu_threads_per_core": 2,
            "credit_specification": [
              {
                "cpu_credits": "unlimited"
              }
            ],
            "disable_api_termination": false,
            "ebs_block_device": [],
            "ebs_optimized": true,
            "ephemeral_block_device": [],
            "get_password_data": false,
            "host_id": null,
            "iam_instance_profile": "demo-host",
            "id": "i-0694a1ab20cfb16d3",
            "instance_initiated_shutdown_behavior": null,
            "instance_state": "running",
            "instance_type": "t3.medium",
            "ipv6_address_count": 0,
            "ipv6_addresses": [],
            "key_name": "demo-deployer-key",
            "monitoring": false,
            "network_interface": [],
            "network_interface_id": null,
            "password_data": "",
            "placement_group": "",
            "primary_network_interface_id": "eni-05b0981d9a02a6558",
            "private_dns": "ip-172-31-64-86.ec2.internal",
            "private_ip": "172.31.64.86",
            "public_dns": "ec2-35-153-39-77.compute-1.amazonaws.com",
            "public_ip": "35.153.39.77",
            "root_block_device": [
              {
                "delete_on_termination": true,
                "encrypted": false,
                "iops": 300,
                "kms_key_id": "",
                "volume_id": "vol-0ee58e825a29c04d8",
                "volume_size": 100,
                "volume_type": "gp2"
              }
            ],
            "security_groups": [
              "demo-common",
              "demo-control_planes"
            ],
            "source_dest_check": true,
            "subnet_id": "subnet-1af48d7f",
            "tags": {
              "Name": "demo-control_plane-1",
              "kubernetes.io/cluster/demo": "shared"
            },
            "tenancy": "default",
            "timeouts": null,
            "user_data": null,
            "user_data_base64": null,
            "volume_tags": {},
            "vpc_security_group_ids": [
              "sg-00e2025e8d71f642f",
              "sg-03354a1a775f0d594"
            ]
          },
          "private": "eyJlMmJmYjczMC1lY2FhLTExZTYtOGY4OC0zNDM2M2JjN2M0YzAiOnsiY3JlYXRlIjo2MDAwMDAwMDAwMDAsImRlbGV0ZSI6MTIwMDAwMDAwMDAwMCwidXBkYXRlIjo2MDAwMDAwMDAwMDB9LCJzY2hlbWFfdmVyc2lvbiI6IjEifQ==",
          "dependencies": [
            "aws_default_vpc.default",
            "aws_iam_instance_profile.profile",
            "aws_iam_role.role",
            "aws_key_pair.deployer",
            "aws_security_group.common",
            "aws_security_group.control_plane"
          ]
        },
        {
          "index_key": 1,
          "schema_version": 1,
          "attributes": {
            "ami": "ami-00a208c7cdba991ea",
            "arn": "arn:aws:ec2:us-east-1:148272449925:instance/i-0e0de06c405d18ceb",
            "associate_public_ip_address": true,
            "availability_zone": "us-east-1b",
            "cpu_core_count": 1,
            "cpu_threads_per_core": 2,
            "credit_specification": [
              {
                "cpu_credits": "unlimited"
              }
            ],
            "disable_api_termination": false,
            "ebs_block_device": [],
            "ebs_optimized": true,
            "ephemeral_block_device": [],
            "get_password_data": false,
            "host_id": null,
            "iam_instance_profile": "demo-host",
            "id": "i-0e0de06c405d18ceb",
            "instance_initiated_shutdown_behavior": null,
            "instance_state": "running",
            "instance_type": "t3.medium",
            "ipv6_address_count": 0,
            "ipv6_addresses": [],
            "key_name": "demo-deployer-key",
            "monitoring": false,
            "network_interface": [],
            "network_interface_id": null,
            "password_data": "",
            "placement_group": "",
            "primary_network_interface_id": "eni-005874dd772b963a0",
            "private_dns": "ip-172-31-59-194.ec2.internal",
            "private_ip": "172.31.59.194",
            "public_dns": "ec2-18-204-19-22.compute-1.amazonaws.com",
            "public_ip": "18.204.19.22",
            "root_block_device": [
              {
                "delete_on_termination": true,
                "encrypted": false,
                "iops": 300,
                "kms_key_id": "",
                "volume_id": "vol-067b097669ab54283",
                "volume_size": 100,
                "volume_type": "gp2"
              }
            ],
            "security_groups": [
              "demo-common",
              "demo-control_planes"
            ],
            "source_dest_check": true,
            "subnet_id": "subnet-063c6b2b",
            "tags": {
              "Name": "demo-control_plane-2",
              "kubernetes.io/cluster/demo": "shared"
            },
            "tenancy": "default",
            "timeouts": null,
            "user_data": null,
            "user_data_base64": null,
            "volume_tags": {},
            "vpc_security_group_ids": [
              "sg-00e2025e8d71f642f",
              "sg-03354a1a775f0d594"
            ]
          },
          "private": "eyJlMmJmYjczMC1lY2FhLTExZTYtOGY4OC0zNDM2M2JjN2M0YzAiOnsiY3JlYXRlIjo2MDAwMDAwMDAwMDAsImRlbGV0ZSI6MTIwMDAwMDAwMDAwMCwidXBkYXRlIjo2MDAwMDAwMDAwMDB9LCJzY2hlbWFfdmVyc2lvbiI6IjEifQ==",
          "dependencies": [
            "aws_default_vpc.default",
            "aws_iam_instance_profile.profile",
            "aws_iam_role.role",
            "aws_key_pair.deployer",
            "aws_security_group.common",
            "aws_security_group.control_plane"
          ]
        },
        {
          "index_key": 2,
          "schema_version": 1,
          "attributes": {
            "ami": "ami-00a208c7cdba991ea",
            "arn": "arn:aws:ec2:us-east-1:148272449925:instance/i-0c95e557fca0017e7",
            "associate_public_ip_address": true,
            "availability_zone": "us-east-1c",
            "cpu_core_count": 1,
            "cpu_threads_per_core": 2,
            "credit_specification": [
              {
                "cpu_credits": "unlimited"
              }
            ],
            "disable_api_termination": false,
            "ebs_block_device": [],
            "ebs_optimized": true,
            "ephemeral_block_device": [],
            "get_password_data": false,
            "host_id": null,
            "iam_instance_profile": "demo-host",
            "id": "i-0c95e557fca0017e7",
            "instance_initiated_shutdown_behavior": null,
            "instance_state": "running",
            "instance_type": "t3.medium",
            "ipv6_address_count": 0,
            "ipv6_addresses": [],
            "key_name": "demo-deployer-key",
            "monitoring": false,
            "network_interface": [],
            "network_interface_id": null,
            "password_data": "",
            "placement_group": "",
            "primary_network_interface_id": "eni-0d439138d4cf4a891",
            "private_dns": "ip-172-31-15-69.ec2.internal",
            "private_ip": "172.31.15.69",
            "public_dns": "ec2-100-25-219-90.compute-1.amazonaws.com",
            "public_ip": "100.25.219.90",
            "root_block_device": [
              {
                "delete_on_termination": true,
                "encrypted": false,
                "iops": 300,
                "kms_key_id": "",
                "volume_id": "vol-056050f3256fe77bc",
                "volume_size": 100,
                "volume_type": "gp2"
              }
            ],
            "security_groups": [
              "demo-common",
              "demo-control_planes"
            ],
            "source_dest_check": true,
            "subnet_id": "subnet-d0737799",
            "tags": {
              "Name": "demo-control_plane-3",
              "kubernetes.io/cluster/demo": "shared"
            },
            "tenancy": "default",
            "timeouts": null,
            "user_data": null,
            "user_data_base64": null,
            "volume_tags": {},
            "vpc_security_group_ids": [
              "sg-00e2025e8d71f642f",
              "sg-03354a1a775f0d594"
            ]
          },
          "private": "eyJlMmJmYjczMC1lY2FhLTExZTYtOGY4OC0zNDM2M2JjN2M0YzAiOnsiY3JlYXRlIjo2MDAwMDAwMDAwMDAsImRlbGV0ZSI6MTIwMDAwMDAwMDAwMCwidXBkYXRlIjo2MDAwMDAwMDAwMDB9LCJzY2hlbWFfdmVyc2lvbiI6IjEifQ==",
          "dependencies": [
            "aws_default_vpc.default",
            "aws_iam_instance_profile.profile",
            "aws_iam_role.role",
            "aws_key_pair.deployer",
            "aws_security_group.common",
            "aws_security_group.control_plane"
          ]
        }
      ]
    },
    {
      "mode": "managed",
      "type": "aws_key_pair",
      "name": "deployer",
      "provider": "provider.aws",
      "instances": [
        {
          "schema_version": 1,
          "attributes": {
            "fingerprint": "ef:42:12:65:d2:38:fe:88:b6:27:86:54:54:61:67:6b",
            "id": "demo-deployer-key",
            "key_name": "demo-deployer-key",
            "key_name_prefix": null,
            "public_key": "ssh-rsa AAAAB3NzaC1yc2EAAAADAQABAAABAQCioR1jWZPHLlBxVLs/+UtrJQg4OFRSUImtu75TLSFJxDbG177ua/pUArSQH1N4eCswQZlMZBu4mPjBFgS7lFxR+o5QRllhRIeJwh2cJRrpPA1W7zSNXbVAv+jpgkZsoRLBnGLVAZ7vHhRoxRVIlObo8OdeDnf/IY5AxwETvF6ZKLF1iaMFAN6Equ7vNDnTLuP3KA6vMl3RcShU/8qFVfi8KAjR8+14rpPzsb7Nk6RslQ//++xZToCO8HDpebHJM7lSbT4IVCMSCddeznFPGSoO7+QvDR9vzBzq+QEKy/EBv1qharyp03iRzAWdqEk2mqgNVCBJS3zSG4q6/0fppqvh"
          },
          "private": "eyJzY2hlbWFfdmVyc2lvbiI6IjEifQ=="
        }
      ]
    },
    {
      "mode": "managed",
      "type": "aws_lb",
      "name": "control_plane",
      "provider": "provider.aws",
      "instances": [
        {
          "schema_version": 0,
          "attributes": {
            "access_logs": [
              {
                "bucket": "",
                "enabled": false,
                "prefix": ""
              }
            ],
            "arn": "arn:aws:elasticloadbalancing:us-east-1:148272449925:loadbalancer/net/demo-api-lb/00657bf79817b22b",
            "arn_suffix": "net/demo-api-lb/00657bf79817b22b",
            "dns_name": "demo-api-lb-00657bf79817b22b.elb.us-east-1.amazonaws.com",
            "enable_cross_zone_load_balancing": false,
            "enable_deletion_protection": false,
            "enable_http2": null,
            "id": "arn:aws:elasticloadbalancing:us-east-1:148272449925:loadbalancer/net/demo-api-lb/00657bf79817b22b",
            "idle_timeout": null,
            "internal": false,
            "ip_address_type": "ipv4",
            "load_balancer_type": "network",
            "name": "demo-api-lb",
            "name_prefix": null,
            "security_groups": [],
            "subnet_mapping": [
              {
                "allocation_id": "",
                "subnet_id": "subnet-063c6b2b"
              },
              {
                "allocation_id": "",
                "subnet_id": "subnet-1af48d7f"
              },
              {
                "allocation_id": "",
                "subnet_id": "subnet-d0737799"
              }
            ],
            "subnets": [
              "subnet-063c6b2b",
              "subnet-1af48d7f",
              "subnet-d0737799"
            ],
            "tags": {
              "Cluster": "demo",
              "kubernetes.io/cluster/demo": "shared"
            },
            "timeouts": null,
            "vpc_id": "vpc-b35ec6d5",
            "zone_id": "Z26RNL4JYFTOTI"
          },
          "private": "eyJlMmJmYjczMC1lY2FhLTExZTYtOGY4OC0zNDM2M2JjN2M0YzAiOnsiY3JlYXRlIjo2MDAwMDAwMDAwMDAsImRlbGV0ZSI6NjAwMDAwMDAwMDAwLCJ1cGRhdGUiOjYwMDAwMDAwMDAwMH19",
          "dependencies": [
            "aws_default_vpc.default"
          ]
        }
      ]
    },
    {
      "mode": "managed",
      "type": "aws_lb_listener",
      "name": "control_plane_api",
      "provider": "provider.aws",
      "instances": [
        {
          "schema_version": 0,
          "attributes": {
            "arn": "arn:aws:elasticloadbalancing:us-east-1:148272449925:listener/net/demo-api-lb/00657bf79817b22b/280f24d01898a705",
            "certificate_arn": null,
            "default_action": [
              {
                "authenticate_cognito": [],
                "authenticate_oidc": [],
                "fixed_response": [],
                "order": 1,
                "redirect": [],
                "target_group_arn": "arn:aws:elasticloadbalancing:us-east-1:148272449925:targetgroup/demo-api/5679f3a9bd08e48f",
                "type": "forward"
              }
            ],
            "id": "arn:aws:elasticloadbalancing:us-east-1:148272449925:listener/net/demo-api-lb/00657bf79817b22b/280f24d01898a705",
            "load_balancer_arn": "arn:aws:elasticloadbalancing:us-east-1:148272449925:loadbalancer/net/demo-api-lb/00657bf79817b22b",
            "port": 6443,
            "protocol": "TCP",
            "ssl_policy": "",
            "timeouts": null
          },
          "private": "eyJlMmJmYjczMC1lY2FhLTExZTYtOGY4OC0zNDM2M2JjN2M0YzAiOnsicmVhZCI6NjAwMDAwMDAwMDAwfX0=",
          "dependencies": [
            "aws_default_vpc.default",
            "aws_lb.control_plane",
            "aws_lb_target_group.control_plane_api"
          ]
        }
      ]
    },
    {
      "mode": "managed",
      "type": "aws_lb_target_group",
      "name": "control_plane_api",
      "provider": "provider.aws",
      "instances": [
        {
          "schema_version": 0,
          "attributes": {
            "arn": "arn:aws:elasticloadbalancing:us-east-1:148272449925:targetgroup/demo-api/5679f3a9bd08e48f",
            "arn_suffix": "targetgroup/demo-api/5679f3a9bd08e48f",
            "deregistration_delay": 300,
            "health_check": [
              {
                "enabled": true,
                "healthy_threshold": 3,
                "interval": 30,
                "matcher": "",
                "path": "",
                "port": "traffic-port",
                "protocol": "TCP",
                "timeout": 10,
                "unhealthy_threshold": 3
              }
            ],
            "id": "arn:aws:elasticloadbalancing:us-east-1:148272449925:targetgroup/demo-api/5679f3a9bd08e48f",
            "lambda_multi_value_headers_enabled": false,
            "name": "demo-api",
            "name_prefix": null,
            "port": 6443,
            "protocol": "TCP",
            "proxy_protocol_v2": false,
            "slow_start": 0,
            "stickiness": [],
            "tags": null,
            "target_type": "instance",
            "vpc_id": "vpc-b35ec6d5"
          },
          "private": "bnVsbA==",
          "dependencies": [
            "aws_default_vpc.default"
          ]
        }
      ]
    },
    {
      "mode": "managed",
      "type": "aws_lb_target_group_attachment",
      "name": "control_plane_api",
      "each": "list",
      "provider": "provider.aws",
      "instances": [
        {
          "index_key": 0,
          "schema_version": 0,
          "attributes": {
            "availability_zone": null,
            "id": "arn:aws:elasticloadbalancing:us-east-1:148272449925:targetgroup/demo-api/5679f3a9bd08e48f-20191224150334820600000001",
            "port": 6443,
            "target_group_arn": "arn:aws:elasticloadbalancing:us-east-1:148272449925:targetgroup/demo-api/5679f3a9bd08e48f",
            "target_id": "i-0694a1ab20cfb16d3"
          },
          "private": "bnVsbA==",
          "dependencies": [
            "aws_default_vpc.default",
            "aws_iam_instance_profile.profile",
            "aws_iam_role.role",
            "aws_instance.control_plane",
            "aws_key_pair.deployer",
            "aws_lb_target_group.control_plane_api",
            "aws_security_group.common",
            "aws_security_group.control_plane"
          ]
        },
        {
          "index_key": 1,
          "schema_version": 0,
          "attributes": {
            "availability_zone": null,
            "id": "arn:aws:elasticloadbalancing:us-east-1:148272449925:targetgroup/demo-api/5679f3a9bd08e48f-20191224150334875500000002",
            "port": 6443,
            "target_group_arn": "arn:aws:elasticloadbalancing:us-east-1:148272449925:targetgroup/demo-api/5679f3a9bd08e48f",
            "target_id": "i-0e0de06c405d18ceb"
          },
          "private": "bnVsbA==",
          "dependencies": [
            "aws_default_vpc.default",
            "aws_iam_instance_profile.profile",
            "aws_iam_role.role",
            "aws_instance.control_plane",
            "aws_key_pair.deployer",
            "aws_lb_target_group.control_plane_api",
            "aws_security_group.common",
            "aws_security_group.control_plane"
          ]
        },
        {
          "index_key": 2,
          "schema_version": 0,
          "attributes": {
            "availability_zone": null,
            "id": "arn:aws:elasticloadbalancing:us-east-1:148272449925:targetgroup/demo-api/5679f3a9bd08e48f-20191224150335366000000003",
            "port": 6443,
            "target_group_arn": "arn:aws:elasticloadbalancing:us-east-1:148272449925:targetgroup/demo-api/5679f3a9bd08e48f",
            "target_id": "i-0c95e557fca0017e7"
          },
          "private": "bnVsbA==",
          "dependencies": [
            "aws_default_vpc.default",
            "aws_iam_instance_profile.profile",
            "aws_iam_role.role",
            "aws_instance.control_plane",
            "aws_key_pair.deployer",
            "aws_lb_target_group.control_plane_api",
            "aws_security_group.common",
            "aws_security_group.control_plane"
          ]
        }
      ]
    },
    {
      "mode": "managed",
      "type": "aws_security_group",
      "name": "common",
      "provider": "provider.aws",
      "instances": [
        {
          "schema_version": 1,
          "attributes": {
            "arn": "arn:aws:ec2:us-east-1:148272449925:security-group/sg-00e2025e8d71f642f",
            "description": "cluster common rules",
            "egress": [
              {
                "cidr_blocks": [
                  "0.0.0.0/0"
                ],
                "description": "",
                "from_port": 0,
                "ipv6_cidr_blocks": [],
                "prefix_list_ids": [],
                "protocol": "-1",
                "security_groups": [],
                "self": false,
                "to_port": 0
              }
            ],
            "id": "sg-00e2025e8d71f642f",
            "ingress": [
              {
                "cidr_blocks": [
                  "0.0.0.0/0"
                ],
                "description": "",
                "from_port": 22,
                "ipv6_cidr_blocks": [],
                "prefix_list_ids": [],
                "protocol": "tcp",
                "security_groups": [],
                "self": false,
                "to_port": 22
              },
              {
                "cidr_blocks": [],
                "description": "",
                "from_port": 0,
                "ipv6_cidr_blocks": [],
                "prefix_list_ids": [],
                "protocol": "-1",
                "security_groups": [],
                "self": true,
                "to_port": 0
              }
            ],
            "name": "demo-common",
            "name_prefix": null,
            "owner_id": "148272449925",
            "revoke_rules_on_delete": false,
            "tags": {
              "kubernetes.io/cluster/demo": "shared"
            },
            "timeouts": null,
            "vpc_id": "vpc-b35ec6d5"
          },
          "private": "eyJlMmJmYjczMC1lY2FhLTExZTYtOGY4OC0zNDM2M2JjN2M0YzAiOnsiY3JlYXRlIjo2MDAwMDAwMDAwMDAsImRlbGV0ZSI6NjAwMDAwMDAwMDAwfSwic2NoZW1hX3ZlcnNpb24iOiIxIn0=",
          "dependencies": [
            "aws_default_vpc.default"
          ]
        }
      ]
    },
    {
      "mode": "managed",
      "type": "aws_security_group",
      "name": "control_plane",
      "provider": "provider.aws",
      "instances": [
        {
          "schema_version": 1,
          "attributes": {
            "arn": "arn:aws:ec2:us-east-1:148272449925:security-group/sg-03354a1a775f0d594",
            "description": "cluster control_planes",
            "egress": [],
            "id": "sg-03354a1a775f0d594",
            "ingress": [
              {
                "cidr_blocks": [
                  "0.0.0.0/0"
                ],
                "description": "",
                "from_port": 6443,
                "ipv6_cidr_blocks": [],
                "prefix_list_ids": [],
                "protocol": "tcp",
                "security_groups": [],
                "self": false,
                "to_port": 6443
              }
            ],
            "name": "demo-control_planes",
            "name_prefix": null,
            "owner_id": "148272449925",
            "revoke_rules_on_delete": false,
            "tags": {
              "kubernetes.io/cluster/demo": "shared"
            },
            "timeouts": null,
            "vpc_id": "vpc-b35ec6d5"
          },
          "private": "eyJlMmJmYjczMC1lY2FhLTExZTYtOGY4OC0zNDM2M2JjN2M0YzAiOnsiY3JlYXRlIjo2MDAwMDAwMDAwMDAsImRlbGV0ZSI6NjAwMDAwMDAwMDAwfSwic2NoZW1hX3ZlcnNpb24iOiIxIn0=",
          "dependencies": [
            "aws_default_vpc.default"
          ]
        }
      ]
    }
  ]
}
